
Microsoft Visual Studio Solution File, Format Version 12.00
# Visual Studio Version 17
VisualStudioVersion = 17.11.35327.3
MinimumVisualStudioVersion = 10.0.40219.1
Project("{FAE04EC0-301F-11D3-BF4B-00C04F79EFBC}") = "Quiz", "Quiz\Quiz.csproj", "{47D000F9-1E61-4332-B2AE-8311DF6DEB79}"
EndProject
Project("{FAE04EC0-301F-11D3-BF4B-00C04F79EFBC}") = "TestQuiz", "TestQuiz\TestQuiz.csproj", "{C5677340-17B5-42A0-94D6-A43B3F2D7663}"
EndProject
Global
	GlobalSection(SolutionConfigurationPlatforms) = preSolution
		Debug|Any CPU = Debug|Any CPU
		Release|Any CPU = Release|Any CPU
	EndGlobalSection
	GlobalSection(ProjectConfigurationPlatforms) = postSolution
		{47D000F9-1E61-4332-B2AE-8311DF6DEB79}.Debug|Any CPU.ActiveCfg = Debug|Any CPU
		{47D000F9-1E61-4332-B2AE-8311DF6DEB79}.Debug|Any CPU.Build.0 = Debug|Any CPU
		{47D000F9-1E61-4332-B2AE-8311DF6DEB79}.Release|Any CPU.ActiveCfg = Release|Any CPU
		{47D000F9-1E61-4332-B2AE-8311DF6DEB79}.Release|Any CPU.Build.0 = Release|Any CPU
		{C5677340-17B5-42A0-94D6-A43B3F2D7663}.Debug|Any CPU.ActiveCfg = Debug|Any CPU
		{C5677340-17B5-42A0-94D6-A43B3F2D7663}.Debug|Any CPU.Build.0 = Debug|Any CPU
		{C5677340-17B5-42A0-94D6-A43B3F2D7663}.Release|Any CPU.ActiveCfg = Release|Any CPU
		{C5677340-17B5-42A0-94D6-A43B3F2D7663}.Release|Any CPU.Build.0 = Release|Any CPU
	EndGlobalSection
	GlobalSection(SolutionProperties) = preSolution
		HideSolutionNode = FALSE
	EndGlobalSection
	GlobalSection(ExtensibilityGlobals) = postSolution
		SolutionGuid = {ED0CEC4F-3BE7-405D-8684-1AC6363D0E44}
	EndGlobalSection
EndGlobal
